// !$*UTF8*$!
{
	archiveVersion = 1;
	classes = {
	};
	objectVersion = 46;
	objects = {

/* Begin PBXBuildFile section */
		270BF8761A84288F00D261A1 /* VIFilterCollectionFooterCollectionReusableView.m in Sources */ = {isa = PBXBuildFile; fileRef = 270BF8751A84288F00D261A1 /* VIFilterCollectionFooterCollectionReusableView.m */; };
		277A5E9E1A84F40600C14619 /* VICardInfoContentViewController.m in Sources */ = {isa = PBXBuildFile; fileRef = 277A5E9D1A84F40600C14619 /* VICardInfoContentViewController.m */; };
		277B370D1A80F3D80081C796 /* VIFeedSectionView.m in Sources */ = {isa = PBXBuildFile; fileRef = 277B370C1A80F3D80081C796 /* VIFeedSectionView.m */; };
		277B37111A8103D10081C796 /* profile_feed_temp.png in Resources */ = {isa = PBXBuildFile; fileRef = 277B37101A8103D10081C796 /* profile_feed_temp.png */; };
		277B37151A815D720081C796 /* feed_temp.png in Resources */ = {isa = PBXBuildFile; fileRef = 277B37141A815D720081C796 /* feed_temp.png */; };
		277B37171A816B4C0081C796 /* profile_feed_temp2.png in Resources */ = {isa = PBXBuildFile; fileRef = 277B37161A816B4C0081C796 /* profile_feed_temp2.png */; };
		277B37191A816B710081C796 /* profile_feed_temp3.png in Resources */ = {isa = PBXBuildFile; fileRef = 277B37181A816B710081C796 /* profile_feed_temp3.png */; };
		277BD8901A80053900AC887A /* VIFeedViewController.m in Sources */ = {isa = PBXBuildFile; fileRef = 277BD88F1A80053900AC887A /* VIFeedViewController.m */; };
		277BD8921A80055A00AC887A /* Feed.storyboard in Resources */ = {isa = PBXBuildFile; fileRef = 277BD8911A80055A00AC887A /* Feed.storyboard */; };
		277BD8951A80089600AC887A /* VIFeedTableViewCell.m in Sources */ = {isa = PBXBuildFile; fileRef = 277BD8941A80089600AC887A /* VIFeedTableViewCell.m */; };
		277BD8971A800BFA00AC887A /* Icon_feed_Menu.png in Resources */ = {isa = PBXBuildFile; fileRef = 277BD8961A800BFA00AC887A /* Icon_feed_Menu.png */; };
		2781FF1A1A6ED47F009FFAA5 /* VILoginViewController.m in Sources */ = {isa = PBXBuildFile; fileRef = 2781FF181A6ED47F009FFAA5 /* VILoginViewController.m */; };
		2781FF1F1A6ED6E6009FFAA5 /* VILoginStoryboard.storyboard in Resources */ = {isa = PBXBuildFile; fileRef = 2781FF1E1A6ED6E6009FFAA5 /* VILoginStoryboard.storyboard */; };
		2781FF211A6ED7D7009FFAA5 /* Vitrini_Login__0008_BG.png in Resources */ = {isa = PBXBuildFile; fileRef = 2781FF201A6ED7D7009FFAA5 /* Vitrini_Login__0008_BG.png */; };
		2781FF231A6ED803009FFAA5 /* Vitrini_Login__0002_Icom.png in Resources */ = {isa = PBXBuildFile; fileRef = 2781FF221A6ED803009FFAA5 /* Vitrini_Login__0002_Icom.png */; };
		2781FF261A6EDBFA009FFAA5 /* Vitrini_Login__0001_Logo.png in Resources */ = {isa = PBXBuildFile; fileRef = 2781FF251A6EDBFA009FFAA5 /* Vitrini_Login__0001_Logo.png */; };
		2781FF281A6F0D7C009FFAA5 /* Vitrini_Login__0006_Facebook.png in Resources */ = {isa = PBXBuildFile; fileRef = 2781FF271A6F0D7C009FFAA5 /* Vitrini_Login__0006_Facebook.png */; };
		2781FF2A1A6F0D81009FFAA5 /* Vitrini_Login__0007_Conta.png in Resources */ = {isa = PBXBuildFile; fileRef = 2781FF291A6F0D81009FFAA5 /* Vitrini_Login__0007_Conta.png */; };
		2781FF2D1A6F2C0C009FFAA5 /* VIRegisterViewController.m in Sources */ = {isa = PBXBuildFile; fileRef = 2781FF2C1A6F2C0C009FFAA5 /* VIRegisterViewController.m */; };
		2781FF2F1A6F30BC009FFAA5 /* FacebookSDK.framework in Frameworks */ = {isa = PBXBuildFile; fileRef = 2781FF2E1A6F30BC009FFAA5 /* FacebookSDK.framework */; };
		278AFBCD1A83A9CD0002BB23 /* VIFilterViewController.m in Sources */ = {isa = PBXBuildFile; fileRef = 278AFBCC1A83A9CD0002BB23 /* VIFilterViewController.m */; };
		278AFBCF1A83A9DA0002BB23 /* Filter.storyboard in Resources */ = {isa = PBXBuildFile; fileRef = 278AFBCE1A83A9DA0002BB23 /* Filter.storyboard */; };
		278AFBD11A83ABD40002BB23 /* backgroundFilter.png in Resources */ = {isa = PBXBuildFile; fileRef = 278AFBD01A83ABD40002BB23 /* backgroundFilter.png */; };
		278AFBD41A83ABDE0002BB23 /* Icom_marcacao_filtro.png in Resources */ = {isa = PBXBuildFile; fileRef = 278AFBD21A83ABDE0002BB23 /* Icom_marcacao_filtro.png */; };
		278AFBD51A83ABDE0002BB23 /* Icom_caixa_foltro.png in Resources */ = {isa = PBXBuildFile; fileRef = 278AFBD31A83ABDE0002BB23 /* Icom_caixa_foltro.png */; };
		278AFBD81A83EF290002BB23 /* VIFilterCollectionViewCell.m in Sources */ = {isa = PBXBuildFile; fileRef = 278AFBD71A83EF290002BB23 /* VIFilterCollectionViewCell.m */; };
		279A816D1A706366003E50D7 /* VICatalogViewController.m in Sources */ = {isa = PBXBuildFile; fileRef = 279A816C1A706366003E50D7 /* VICatalogViewController.m */; };
		279A816F1A70651D003E50D7 /* Icon_catalogo_Menu.png in Resources */ = {isa = PBXBuildFile; fileRef = 279A816E1A70651D003E50D7 /* Icon_catalogo_Menu.png */; };
		279A81711A706553003E50D7 /* Icon_meuslikes_Menu.png in Resources */ = {isa = PBXBuildFile; fileRef = 279A81701A706553003E50D7 /* Icon_meuslikes_Menu.png */; };
		279A81751A70671A003E50D7 /* Catalog.storyboard in Resources */ = {isa = PBXBuildFile; fileRef = 279A81741A70671A003E50D7 /* Catalog.storyboard */; };
		279A81771A706D54003E50D7 /* fundo vitrini.png in Resources */ = {isa = PBXBuildFile; fileRef = 279A81761A706D54003E50D7 /* fundo vitrini.png */; };
		279A817A1A7085C6003E50D7 /* VICatalogTableViewCell.m in Sources */ = {isa = PBXBuildFile; fileRef = 279A81791A7085C6003E50D7 /* VICatalogTableViewCell.m */; };
		279A81821A70921C003E50D7 /* catalogo_temp.png in Resources */ = {isa = PBXBuildFile; fileRef = 279A81811A70921C003E50D7 /* catalogo_temp.png */; };
		279D46771A82FE630075AEB8 /* VIProfileTableViewCell.m in Sources */ = {isa = PBXBuildFile; fileRef = 279D46761A82FE630075AEB8 /* VIProfileTableViewCell.m */; };
		27A8B87C1A824B4200226278 /* VIProfileViewController.m in Sources */ = {isa = PBXBuildFile; fileRef = 27A8B87B1A824B4200226278 /* VIProfileViewController.m */; };
		27A8B87E1A824BB100226278 /* Profile.storyboard in Resources */ = {isa = PBXBuildFile; fileRef = 27A8B87D1A824BB100226278 /* Profile.storyboard */; };
		27A8B8821A82578400226278 /* zegatao.png in Resources */ = {isa = PBXBuildFile; fileRef = 27A8B8811A82578400226278 /* zegatao.png */; };
		5C2878631A28E39700CC7DD2 /* CustomSegueTransition.m in Sources */ = {isa = PBXBuildFile; fileRef = 5C2878621A28E39700CC7DD2 /* CustomSegueTransition.m */; };
		5C83EA7A1A407008007988AA /* VIMainViewController.m in Sources */ = {isa = PBXBuildFile; fileRef = 5C83EA791A407008007988AA /* VIMainViewController.m */; };
		5C83EA7D1A4071A1007988AA /* VIMainMenu.m in Sources */ = {isa = PBXBuildFile; fileRef = 5C83EA7C1A4071A1007988AA /* VIMainMenu.m */; };
		5C83EA8A1A409EE1007988AA /* VIInitControl.m in Sources */ = {isa = PBXBuildFile; fileRef = 5C83EA891A409EE1007988AA /* VIInitControl.m */; };
		5CE349BC1A2CF42100F1DC17 /* UserOnboard.storyboard in Resources */ = {isa = PBXBuildFile; fileRef = 5CE349B71A2CF42100F1DC17 /* UserOnboard.storyboard */; };
		5CE349BD1A2CF42100F1DC17 /* UserOnboardContentViewController.m in Sources */ = {isa = PBXBuildFile; fileRef = 5CE349B91A2CF42100F1DC17 /* UserOnboardContentViewController.m */; };
		5CE349BE1A2CF42100F1DC17 /* UserOnboardViewController.m in Sources */ = {isa = PBXBuildFile; fileRef = 5CE349BB1A2CF42100F1DC17 /* UserOnboardViewController.m */; };
		5CE3DE3F1A81021A00F0CC92 /* VIStoreProfileViewController.m in Sources */ = {isa = PBXBuildFile; fileRef = 5CE3DE3E1A81021A00F0CC92 /* VIStoreProfileViewController.m */; };
		5CE3DE411A81022900F0CC92 /* VIStoreProfile.storyboard in Resources */ = {isa = PBXBuildFile; fileRef = 5CE3DE401A81022900F0CC92 /* VIStoreProfile.storyboard */; };
		92891CDC1A28D80F002F6678 /* main.m in Sources */ = {isa = PBXBuildFile; fileRef = 92891CDB1A28D80F002F6678 /* main.m */; };
		92891CDF1A28D80F002F6678 /* AppDelegate.m in Sources */ = {isa = PBXBuildFile; fileRef = 92891CDE1A28D80F002F6678 /* AppDelegate.m */; };
		92891CE71A28D80F002F6678 /* Images.xcassets in Resources */ = {isa = PBXBuildFile; fileRef = 92891CE61A28D80F002F6678 /* Images.xcassets */; };
		92891CF61A28D80F002F6678 /* VitriniTests.m in Sources */ = {isa = PBXBuildFile; fileRef = 92891CF51A28D80F002F6678 /* VitriniTests.m */; };
		92ADB6511A88336B00EA76B1 /* VICardInfoContainerViewController.m in Sources */ = {isa = PBXBuildFile; fileRef = 92ADB6501A88336B00EA76B1 /* VICardInfoContainerViewController.m */; };
		92ADB6571A88438C00EA76B1 /* VICardInfoInformationOfTheSelectedItemViewController.m in Sources */ = {isa = PBXBuildFile; fileRef = 92ADB6561A88438C00EA76B1 /* VICardInfoInformationOfTheSelectedItemViewController.m */; };
		92D96E611A7FEBF6009BC061 /* Cards.storyboard in Resources */ = {isa = PBXBuildFile; fileRef = 92D96E601A7FEBF6009BC061 /* Cards.storyboard */; };
		92D96E681A80FCB8009BC061 /* VICardInfoViewController.m in Sources */ = {isa = PBXBuildFile; fileRef = 92D96E671A80FCB8009BC061 /* VICardInfoViewController.m */; };
		B3B6CF351A44B91900C07383 /* VIProduct.m in Sources */ = {isa = PBXBuildFile; fileRef = B3B6CF341A44B91900C07383 /* VIProduct.m */; };
		B3B6CF381A44BAC600C07383 /* VICardsViewController.m in Sources */ = {isa = PBXBuildFile; fileRef = B3B6CF371A44BAC600C07383 /* VICardsViewController.m */; };
		B3B6CF3B1A44BBAA00C07383 /* VIDraggableCardsView.m in Sources */ = {isa = PBXBuildFile; fileRef = B3B6CF3A1A44BBAA00C07383 /* VIDraggableCardsView.m */; };
		B3B6CF3E1A44BC2800C07383 /* VICardView.m in Sources */ = {isa = PBXBuildFile; fileRef = B3B6CF3D1A44BC2800C07383 /* VICardView.m */; };
		B3B6CF411A44BCA600C07383 /* VISignView.m in Sources */ = {isa = PBXBuildFile; fileRef = B3B6CF401A44BCA600C07383 /* VISignView.m */; };
		B3B6CF441A44C21A00C07383 /* VIProductStore.m in Sources */ = {isa = PBXBuildFile; fileRef = B3B6CF431A44C21A00C07383 /* VIProductStore.m */; };
		B3B6CF4F1A44C41A00C07383 /* infoBtn.png in Resources */ = {isa = PBXBuildFile; fileRef = B3B6CF461A44C41A00C07383 /* infoBtn.png */; };
		B3B6CF501A44C41A00C07383 /* infoBtn@2x.png in Resources */ = {isa = PBXBuildFile; fileRef = B3B6CF471A44C41A00C07383 /* infoBtn@2x.png */; };
		B3B6CF511A44C41A00C07383 /* infoBtn@3x.png in Resources */ = {isa = PBXBuildFile; fileRef = B3B6CF481A44C41A00C07383 /* infoBtn@3x.png */; };
		B3B6CF521A44C41A00C07383 /* notBtn.png in Resources */ = {isa = PBXBuildFile; fileRef = B3B6CF491A44C41A00C07383 /* notBtn.png */; };
		B3B6CF531A44C41A00C07383 /* notBtn@2x.png in Resources */ = {isa = PBXBuildFile; fileRef = B3B6CF4A1A44C41A00C07383 /* notBtn@2x.png */; };
		B3B6CF541A44C41A00C07383 /* notBtn@3x.png in Resources */ = {isa = PBXBuildFile; fileRef = B3B6CF4B1A44C41A00C07383 /* notBtn@3x.png */; };
		B3B6CF551A44C41A00C07383 /* yesBtn.png in Resources */ = {isa = PBXBuildFile; fileRef = B3B6CF4C1A44C41A00C07383 /* yesBtn.png */; };
		B3B6CF561A44C41A00C07383 /* yesBtn@2x.png in Resources */ = {isa = PBXBuildFile; fileRef = B3B6CF4D1A44C41A00C07383 /* yesBtn@2x.png */; };
		B3B6CF571A44C41A00C07383 /* yesBtn@3x.png in Resources */ = {isa = PBXBuildFile; fileRef = B3B6CF4E1A44C41A00C07383 /* yesBtn@3x.png */; };
		B3B6CF601A44C45C00C07383 /* img1.png in Resources */ = {isa = PBXBuildFile; fileRef = B3B6CF591A44C45C00C07383 /* img1.png */; };
		B3B6CF611A44C45C00C07383 /* img2.png in Resources */ = {isa = PBXBuildFile; fileRef = B3B6CF5A1A44C45C00C07383 /* img2.png */; };
		B3B6CF621A44C45C00C07383 /* img3.png in Resources */ = {isa = PBXBuildFile; fileRef = B3B6CF5B1A44C45C00C07383 /* img3.png */; };
		B3B6CF631A44C45C00C07383 /* img4.png in Resources */ = {isa = PBXBuildFile; fileRef = B3B6CF5C1A44C45C00C07383 /* img4.png */; };
		B3B6CF641A44C45C00C07383 /* img5.png in Resources */ = {isa = PBXBuildFile; fileRef = B3B6CF5D1A44C45C00C07383 /* img5.png */; };
		B3B6CF651A44C45C00C07383 /* img6.jpg in Resources */ = {isa = PBXBuildFile; fileRef = B3B6CF5E1A44C45C00C07383 /* img6.jpg */; };
		B3B6CF661A44C45C00C07383 /* img7.jpg in Resources */ = {isa = PBXBuildFile; fileRef = B3B6CF5F1A44C45C00C07383 /* img7.jpg */; };
		B3B6CF6F1A487A9600C07383 /* VIProtocol.m in Sources */ = {isa = PBXBuildFile; fileRef = B3B6CF6E1A487A9600C07383 /* VIProtocol.m */; };
		B3B6CF831A48FCAE00C07383 /* Vitrini.png in Resources */ = {isa = PBXBuildFile; fileRef = B3B6CF7D1A48FCAE00C07383 /* Vitrini.png */; };
		B3B6CF841A48FCAE00C07383 /* Vitrini@1x.png in Resources */ = {isa = PBXBuildFile; fileRef = B3B6CF7E1A48FCAE00C07383 /* Vitrini@1x.png */; };
		B3B6CF851A48FCAE00C07383 /* Vitrini@2x.png in Resources */ = {isa = PBXBuildFile; fileRef = B3B6CF7F1A48FCAE00C07383 /* Vitrini@2x.png */; };
		B3B6CF881A48FDD300C07383 /* VIColor.m in Sources */ = {isa = PBXBuildFile; fileRef = B3B6CF871A48FDD300C07383 /* VIColor.m */; };
		B3B6CF8C1A49003F00C07383 /* CloseMenu.png in Resources */ = {isa = PBXBuildFile; fileRef = B3B6CF891A49003F00C07383 /* CloseMenu.png */; };
		B3B6CF8D1A49003F00C07383 /* CloseMenu@1x.png in Resources */ = {isa = PBXBuildFile; fileRef = B3B6CF8A1A49003F00C07383 /* CloseMenu@1x.png */; };
		B3B6CF8E1A49003F00C07383 /* CloseMenu@2x.png in Resources */ = {isa = PBXBuildFile; fileRef = B3B6CF8B1A49003F00C07383 /* CloseMenu@2x.png */; };
		B3B6CF911A4B56CD00C07383 /* VILikedsViewController.m in Sources */ = {isa = PBXBuildFile; fileRef = B3B6CF901A4B56CD00C07383 /* VILikedsViewController.m */; };
		B3B6CF941A4B56F100C07383 /* Likeds.storyboard in Resources */ = {isa = PBXBuildFile; fileRef = B3B6CF931A4B56F100C07383 /* Likeds.storyboard */; };
		B3B6CF9A1A4C4A8500C07383 /* img8.png in Resources */ = {isa = PBXBuildFile; fileRef = B3B6CF951A4C4A8500C07383 /* img8.png */; };
		B3B6CF9B1A4C4A8500C07383 /* img9.png in Resources */ = {isa = PBXBuildFile; fileRef = B3B6CF961A4C4A8500C07383 /* img9.png */; };
		B3B6CF9C1A4C4A8500C07383 /* img10.png in Resources */ = {isa = PBXBuildFile; fileRef = B3B6CF971A4C4A8500C07383 /* img10.png */; };
		B3B6CF9D1A4C4A8500C07383 /* img11.png in Resources */ = {isa = PBXBuildFile; fileRef = B3B6CF981A4C4A8500C07383 /* img11.png */; };
		B3B6CFA01A4D19E600C07383 /* degrade.png in Resources */ = {isa = PBXBuildFile; fileRef = B3B6CF9F1A4D19E600C07383 /* degrade.png */; };
/* End PBXBuildFile section */

/* Begin PBXContainerItemProxy section */
		92891CF01A28D80F002F6678 /* PBXContainerItemProxy */ = {
			isa = PBXContainerItemProxy;
			containerPortal = 92891CCE1A28D80F002F6678 /* Project object */;
			proxyType = 1;
			remoteGlobalIDString = 92891CD51A28D80F002F6678;
			remoteInfo = Vitrini;
		};
/* End PBXContainerItemProxy section */

/* Begin PBXFileReference section */
		270BF8741A84288F00D261A1 /* VIFilterCollectionFooterCollectionReusableView.h */ = {isa = PBXFileReference; fileEncoding = 4; lastKnownFileType = sourcecode.c.h; path = VIFilterCollectionFooterCollectionReusableView.h; sourceTree = "<group>"; };
		270BF8751A84288F00D261A1 /* VIFilterCollectionFooterCollectionReusableView.m */ = {isa = PBXFileReference; fileEncoding = 4; lastKnownFileType = sourcecode.c.objc; path = VIFilterCollectionFooterCollectionReusableView.m; sourceTree = "<group>"; };
		277A5E9C1A84F40600C14619 /* VICardInfoContentViewController.h */ = {isa = PBXFileReference; fileEncoding = 4; lastKnownFileType = sourcecode.c.h; path = VICardInfoContentViewController.h; sourceTree = "<group>"; };
		277A5E9D1A84F40600C14619 /* VICardInfoContentViewController.m */ = {isa = PBXFileReference; fileEncoding = 4; lastKnownFileType = sourcecode.c.objc; path = VICardInfoContentViewController.m; sourceTree = "<group>"; };
		277B370B1A80F3D80081C796 /* VIFeedSectionView.h */ = {isa = PBXFileReference; fileEncoding = 4; lastKnownFileType = sourcecode.c.h; path = VIFeedSectionView.h; sourceTree = "<group>"; };
		277B370C1A80F3D80081C796 /* VIFeedSectionView.m */ = {isa = PBXFileReference; fileEncoding = 4; lastKnownFileType = sourcecode.c.objc; path = VIFeedSectionView.m; sourceTree = "<group>"; };
		277B37101A8103D10081C796 /* profile_feed_temp.png */ = {isa = PBXFileReference; lastKnownFileType = image.png; path = profile_feed_temp.png; sourceTree = "<group>"; };
		277B37141A815D720081C796 /* feed_temp.png */ = {isa = PBXFileReference; lastKnownFileType = image.png; path = feed_temp.png; sourceTree = "<group>"; };
		277B37161A816B4C0081C796 /* profile_feed_temp2.png */ = {isa = PBXFileReference; lastKnownFileType = image.png; path = profile_feed_temp2.png; sourceTree = "<group>"; };
		277B37181A816B710081C796 /* profile_feed_temp3.png */ = {isa = PBXFileReference; lastKnownFileType = image.png; path = profile_feed_temp3.png; sourceTree = "<group>"; };
		277BD88E1A80053900AC887A /* VIFeedViewController.h */ = {isa = PBXFileReference; fileEncoding = 4; lastKnownFileType = sourcecode.c.h; path = VIFeedViewController.h; sourceTree = "<group>"; };
		277BD88F1A80053900AC887A /* VIFeedViewController.m */ = {isa = PBXFileReference; fileEncoding = 4; lastKnownFileType = sourcecode.c.objc; path = VIFeedViewController.m; sourceTree = "<group>"; };
		277BD8911A80055A00AC887A /* Feed.storyboard */ = {isa = PBXFileReference; fileEncoding = 4; lastKnownFileType = file.storyboard; path = Feed.storyboard; sourceTree = "<group>"; };
		277BD8931A80089600AC887A /* VIFeedTableViewCell.h */ = {isa = PBXFileReference; fileEncoding = 4; lastKnownFileType = sourcecode.c.h; path = VIFeedTableViewCell.h; sourceTree = "<group>"; };
		277BD8941A80089600AC887A /* VIFeedTableViewCell.m */ = {isa = PBXFileReference; fileEncoding = 4; lastKnownFileType = sourcecode.c.objc; path = VIFeedTableViewCell.m; sourceTree = "<group>"; };
		277BD8961A800BFA00AC887A /* Icon_feed_Menu.png */ = {isa = PBXFileReference; lastKnownFileType = image.png; path = Icon_feed_Menu.png; sourceTree = "<group>"; };
		2781FF171A6ED47F009FFAA5 /* VILoginViewController.h */ = {isa = PBXFileReference; fileEncoding = 4; lastKnownFileType = sourcecode.c.h; path = VILoginViewController.h; sourceTree = "<group>"; };
		2781FF181A6ED47F009FFAA5 /* VILoginViewController.m */ = {isa = PBXFileReference; fileEncoding = 4; lastKnownFileType = sourcecode.c.objc; path = VILoginViewController.m; sourceTree = "<group>"; };
		2781FF1E1A6ED6E6009FFAA5 /* VILoginStoryboard.storyboard */ = {isa = PBXFileReference; fileEncoding = 4; lastKnownFileType = file.storyboard; path = VILoginStoryboard.storyboard; sourceTree = "<group>"; };
		2781FF201A6ED7D7009FFAA5 /* Vitrini_Login__0008_BG.png */ = {isa = PBXFileReference; lastKnownFileType = image.png; path = Vitrini_Login__0008_BG.png; sourceTree = "<group>"; };
		2781FF221A6ED803009FFAA5 /* Vitrini_Login__0002_Icom.png */ = {isa = PBXFileReference; lastKnownFileType = image.png; path = Vitrini_Login__0002_Icom.png; sourceTree = "<group>"; };
		2781FF251A6EDBFA009FFAA5 /* Vitrini_Login__0001_Logo.png */ = {isa = PBXFileReference; lastKnownFileType = image.png; path = Vitrini_Login__0001_Logo.png; sourceTree = "<group>"; };
		2781FF271A6F0D7C009FFAA5 /* Vitrini_Login__0006_Facebook.png */ = {isa = PBXFileReference; lastKnownFileType = image.png; path = Vitrini_Login__0006_Facebook.png; sourceTree = "<group>"; };
		2781FF291A6F0D81009FFAA5 /* Vitrini_Login__0007_Conta.png */ = {isa = PBXFileReference; lastKnownFileType = image.png; path = Vitrini_Login__0007_Conta.png; sourceTree = "<group>"; };
		2781FF2B1A6F2C0C009FFAA5 /* VIRegisterViewController.h */ = {isa = PBXFileReference; fileEncoding = 4; lastKnownFileType = sourcecode.c.h; path = VIRegisterViewController.h; sourceTree = "<group>"; };
		2781FF2C1A6F2C0C009FFAA5 /* VIRegisterViewController.m */ = {isa = PBXFileReference; fileEncoding = 4; lastKnownFileType = sourcecode.c.objc; path = VIRegisterViewController.m; sourceTree = "<group>"; };
		2781FF2E1A6F30BC009FFAA5 /* FacebookSDK.framework */ = {isa = PBXFileReference; lastKnownFileType = wrapper.framework; path = FacebookSDK.framework; sourceTree = "<group>"; };
		278AFBCB1A83A9CD0002BB23 /* VIFilterViewController.h */ = {isa = PBXFileReference; fileEncoding = 4; lastKnownFileType = sourcecode.c.h; path = VIFilterViewController.h; sourceTree = "<group>"; };
		278AFBCC1A83A9CD0002BB23 /* VIFilterViewController.m */ = {isa = PBXFileReference; fileEncoding = 4; lastKnownFileType = sourcecode.c.objc; path = VIFilterViewController.m; sourceTree = "<group>"; };
		278AFBCE1A83A9DA0002BB23 /* Filter.storyboard */ = {isa = PBXFileReference; fileEncoding = 4; lastKnownFileType = file.storyboard; path = Filter.storyboard; sourceTree = "<group>"; };
		278AFBD01A83ABD40002BB23 /* backgroundFilter.png */ = {isa = PBXFileReference; lastKnownFileType = image.png; path = backgroundFilter.png; sourceTree = "<group>"; };
		278AFBD21A83ABDE0002BB23 /* Icom_marcacao_filtro.png */ = {isa = PBXFileReference; lastKnownFileType = image.png; path = Icom_marcacao_filtro.png; sourceTree = "<group>"; };
		278AFBD31A83ABDE0002BB23 /* Icom_caixa_foltro.png */ = {isa = PBXFileReference; lastKnownFileType = image.png; path = Icom_caixa_foltro.png; sourceTree = "<group>"; };
		278AFBD61A83EF290002BB23 /* VIFilterCollectionViewCell.h */ = {isa = PBXFileReference; fileEncoding = 4; lastKnownFileType = sourcecode.c.h; path = VIFilterCollectionViewCell.h; sourceTree = "<group>"; };
		278AFBD71A83EF290002BB23 /* VIFilterCollectionViewCell.m */ = {isa = PBXFileReference; fileEncoding = 4; lastKnownFileType = sourcecode.c.objc; path = VIFilterCollectionViewCell.m; sourceTree = "<group>"; };
		279A816B1A706366003E50D7 /* VICatalogViewController.h */ = {isa = PBXFileReference; fileEncoding = 4; lastKnownFileType = sourcecode.c.h; path = VICatalogViewController.h; sourceTree = "<group>"; };
		279A816C1A706366003E50D7 /* VICatalogViewController.m */ = {isa = PBXFileReference; fileEncoding = 4; lastKnownFileType = sourcecode.c.objc; path = VICatalogViewController.m; sourceTree = "<group>"; };
		279A816E1A70651D003E50D7 /* Icon_catalogo_Menu.png */ = {isa = PBXFileReference; lastKnownFileType = image.png; path = Icon_catalogo_Menu.png; sourceTree = "<group>"; };
		279A81701A706553003E50D7 /* Icon_meuslikes_Menu.png */ = {isa = PBXFileReference; lastKnownFileType = image.png; path = Icon_meuslikes_Menu.png; sourceTree = "<group>"; };
		279A81741A70671A003E50D7 /* Catalog.storyboard */ = {isa = PBXFileReference; fileEncoding = 4; lastKnownFileType = file.storyboard; path = Catalog.storyboard; sourceTree = "<group>"; };
		279A81761A706D54003E50D7 /* fundo vitrini.png */ = {isa = PBXFileReference; lastKnownFileType = image.png; path = "fundo vitrini.png"; sourceTree = "<group>"; };
		279A81781A7085C6003E50D7 /* VICatalogTableViewCell.h */ = {isa = PBXFileReference; fileEncoding = 4; lastKnownFileType = sourcecode.c.h; path = VICatalogTableViewCell.h; sourceTree = "<group>"; };
		279A81791A7085C6003E50D7 /* VICatalogTableViewCell.m */ = {isa = PBXFileReference; fileEncoding = 4; lastKnownFileType = sourcecode.c.objc; path = VICatalogTableViewCell.m; sourceTree = "<group>"; };
		279A81811A70921C003E50D7 /* catalogo_temp.png */ = {isa = PBXFileReference; lastKnownFileType = image.png; path = catalogo_temp.png; sourceTree = "<group>"; };
		279D46751A82FE630075AEB8 /* VIProfileTableViewCell.h */ = {isa = PBXFileReference; fileEncoding = 4; lastKnownFileType = sourcecode.c.h; path = VIProfileTableViewCell.h; sourceTree = "<group>"; };
		279D46761A82FE630075AEB8 /* VIProfileTableViewCell.m */ = {isa = PBXFileReference; fileEncoding = 4; lastKnownFileType = sourcecode.c.objc; path = VIProfileTableViewCell.m; sourceTree = "<group>"; };
		27A8B87A1A824B4200226278 /* VIProfileViewController.h */ = {isa = PBXFileReference; fileEncoding = 4; lastKnownFileType = sourcecode.c.h; path = VIProfileViewController.h; sourceTree = "<group>"; };
		27A8B87B1A824B4200226278 /* VIProfileViewController.m */ = {isa = PBXFileReference; fileEncoding = 4; lastKnownFileType = sourcecode.c.objc; path = VIProfileViewController.m; sourceTree = "<group>"; };
		27A8B87D1A824BB100226278 /* Profile.storyboard */ = {isa = PBXFileReference; fileEncoding = 4; lastKnownFileType = file.storyboard; path = Profile.storyboard; sourceTree = "<group>"; };
		27A8B8811A82578400226278 /* zegatao.png */ = {isa = PBXFileReference; lastKnownFileType = image.png; path = zegatao.png; sourceTree = "<group>"; };
		5C2878611A28E39700CC7DD2 /* CustomSegueTransition.h */ = {isa = PBXFileReference; fileEncoding = 4; lastKnownFileType = sourcecode.c.h; path = CustomSegueTransition.h; sourceTree = "<group>"; };
		5C2878621A28E39700CC7DD2 /* CustomSegueTransition.m */ = {isa = PBXFileReference; fileEncoding = 4; lastKnownFileType = sourcecode.c.objc; path = CustomSegueTransition.m; sourceTree = "<group>"; };
		5C83EA781A407008007988AA /* VIMainViewController.h */ = {isa = PBXFileReference; fileEncoding = 4; lastKnownFileType = sourcecode.c.h; path = VIMainViewController.h; sourceTree = "<group>"; };
		5C83EA791A407008007988AA /* VIMainViewController.m */ = {isa = PBXFileReference; fileEncoding = 4; lastKnownFileType = sourcecode.c.objc; path = VIMainViewController.m; sourceTree = "<group>"; };
		5C83EA7B1A4071A1007988AA /* VIMainMenu.h */ = {isa = PBXFileReference; fileEncoding = 4; lastKnownFileType = sourcecode.c.h; path = VIMainMenu.h; sourceTree = "<group>"; };
		5C83EA7C1A4071A1007988AA /* VIMainMenu.m */ = {isa = PBXFileReference; fileEncoding = 4; lastKnownFileType = sourcecode.c.objc; path = VIMainMenu.m; sourceTree = "<group>"; };
		5C83EA881A409EE1007988AA /* VIInitControl.h */ = {isa = PBXFileReference; fileEncoding = 4; lastKnownFileType = sourcecode.c.h; path = VIInitControl.h; sourceTree = "<group>"; };
		5C83EA891A409EE1007988AA /* VIInitControl.m */ = {isa = PBXFileReference; fileEncoding = 4; lastKnownFileType = sourcecode.c.objc; path = VIInitControl.m; sourceTree = "<group>"; };
		5CE349B71A2CF42100F1DC17 /* UserOnboard.storyboard */ = {isa = PBXFileReference; fileEncoding = 4; lastKnownFileType = file.storyboard; path = UserOnboard.storyboard; sourceTree = "<group>"; };
		5CE349B81A2CF42100F1DC17 /* UserOnboardContentViewController.h */ = {isa = PBXFileReference; fileEncoding = 4; lastKnownFileType = sourcecode.c.h; path = UserOnboardContentViewController.h; sourceTree = "<group>"; };
		5CE349B91A2CF42100F1DC17 /* UserOnboardContentViewController.m */ = {isa = PBXFileReference; fileEncoding = 4; lastKnownFileType = sourcecode.c.objc; path = UserOnboardContentViewController.m; sourceTree = "<group>"; };
		5CE349BA1A2CF42100F1DC17 /* UserOnboardViewController.h */ = {isa = PBXFileReference; fileEncoding = 4; lastKnownFileType = sourcecode.c.h; path = UserOnboardViewController.h; sourceTree = "<group>"; };
		5CE349BB1A2CF42100F1DC17 /* UserOnboardViewController.m */ = {isa = PBXFileReference; fileEncoding = 4; lastKnownFileType = sourcecode.c.objc; path = UserOnboardViewController.m; sourceTree = "<group>"; };
		5CE3DE3D1A81021A00F0CC92 /* VIStoreProfileViewController.h */ = {isa = PBXFileReference; fileEncoding = 4; lastKnownFileType = sourcecode.c.h; name = VIStoreProfileViewController.h; path = StoreProfile/VIStoreProfileViewController.h; sourceTree = "<group>"; };
		5CE3DE3E1A81021A00F0CC92 /* VIStoreProfileViewController.m */ = {isa = PBXFileReference; fileEncoding = 4; lastKnownFileType = sourcecode.c.objc; name = VIStoreProfileViewController.m; path = StoreProfile/VIStoreProfileViewController.m; sourceTree = "<group>"; };
		5CE3DE401A81022900F0CC92 /* VIStoreProfile.storyboard */ = {isa = PBXFileReference; fileEncoding = 4; lastKnownFileType = file.storyboard; name = VIStoreProfile.storyboard; path = StoreProfile/VIStoreProfile.storyboard; sourceTree = "<group>"; };
		92891CD61A28D80F002F6678 /* Vitrini.app */ = {isa = PBXFileReference; explicitFileType = wrapper.application; includeInIndex = 0; path = Vitrini.app; sourceTree = BUILT_PRODUCTS_DIR; };
		92891CDA1A28D80F002F6678 /* Info.plist */ = {isa = PBXFileReference; lastKnownFileType = text.plist.xml; path = Info.plist; sourceTree = "<group>"; };
		92891CDB1A28D80F002F6678 /* main.m */ = {isa = PBXFileReference; lastKnownFileType = sourcecode.c.objc; path = main.m; sourceTree = "<group>"; };
		92891CDD1A28D80F002F6678 /* AppDelegate.h */ = {isa = PBXFileReference; lastKnownFileType = sourcecode.c.h; path = AppDelegate.h; sourceTree = "<group>"; };
		92891CDE1A28D80F002F6678 /* AppDelegate.m */ = {isa = PBXFileReference; lastKnownFileType = sourcecode.c.objc; path = AppDelegate.m; sourceTree = "<group>"; };
		92891CE61A28D80F002F6678 /* Images.xcassets */ = {isa = PBXFileReference; lastKnownFileType = folder.assetcatalog; path = Images.xcassets; sourceTree = "<group>"; };
		92891CEF1A28D80F002F6678 /* VitriniTests.xctest */ = {isa = PBXFileReference; explicitFileType = wrapper.cfbundle; includeInIndex = 0; path = VitriniTests.xctest; sourceTree = BUILT_PRODUCTS_DIR; };
		92891CF41A28D80F002F6678 /* Info.plist */ = {isa = PBXFileReference; lastKnownFileType = text.plist.xml; path = Info.plist; sourceTree = "<group>"; };
		92891CF51A28D80F002F6678 /* VitriniTests.m */ = {isa = PBXFileReference; lastKnownFileType = sourcecode.c.objc; path = VitriniTests.m; sourceTree = "<group>"; };
		92ADB64F1A88336B00EA76B1 /* VICardInfoContainerViewController.h */ = {isa = PBXFileReference; fileEncoding = 4; lastKnownFileType = sourcecode.c.h; name = VICardInfoContainerViewController.h; path = Vitrini/VICardInfoContainerViewController.h; sourceTree = "<group>"; };
		92ADB6501A88336B00EA76B1 /* VICardInfoContainerViewController.m */ = {isa = PBXFileReference; fileEncoding = 4; lastKnownFileType = sourcecode.c.objc; name = VICardInfoContainerViewController.m; path = Vitrini/VICardInfoContainerViewController.m; sourceTree = "<group>"; };
		92ADB6551A88438C00EA76B1 /* VICardInfoInformationOfTheSelectedItemViewController.h */ = {isa = PBXFileReference; fileEncoding = 4; lastKnownFileType = sourcecode.c.h; name = VICardInfoInformationOfTheSelectedItemViewController.h; path = Vitrini/VICardInfoInformationOfTheSelectedItemViewController.h; sourceTree = "<group>"; };
		92ADB6561A88438C00EA76B1 /* VICardInfoInformationOfTheSelectedItemViewController.m */ = {isa = PBXFileReference; fileEncoding = 4; lastKnownFileType = sourcecode.c.objc; name = VICardInfoInformationOfTheSelectedItemViewController.m; path = Vitrini/VICardInfoInformationOfTheSelectedItemViewController.m; sourceTree = "<group>"; };
		92D96E601A7FEBF6009BC061 /* Cards.storyboard */ = {isa = PBXFileReference; fileEncoding = 4; lastKnownFileType = file.storyboard; name = Cards.storyboard; path = Vitrini/Cards.storyboard; sourceTree = "<group>"; };
		92D96E661A80FCB8009BC061 /* VICardInfoViewController.h */ = {isa = PBXFileReference; fileEncoding = 4; lastKnownFileType = sourcecode.c.h; name = VICardInfoViewController.h; path = Vitrini/VICardInfoViewController.h; sourceTree = "<group>"; };
		92D96E671A80FCB8009BC061 /* VICardInfoViewController.m */ = {isa = PBXFileReference; fileEncoding = 4; lastKnownFileType = sourcecode.c.objc; name = VICardInfoViewController.m; path = Vitrini/VICardInfoViewController.m; sourceTree = "<group>"; };
		B3B6CF331A44B91900C07383 /* VIProduct.h */ = {isa = PBXFileReference; fileEncoding = 4; lastKnownFileType = sourcecode.c.h; path = VIProduct.h; sourceTree = "<group>"; };
		B3B6CF341A44B91900C07383 /* VIProduct.m */ = {isa = PBXFileReference; fileEncoding = 4; lastKnownFileType = sourcecode.c.objc; path = VIProduct.m; sourceTree = "<group>"; };
		B3B6CF361A44BAC600C07383 /* VICardsViewController.h */ = {isa = PBXFileReference; fileEncoding = 4; lastKnownFileType = sourcecode.c.h; name = VICardsViewController.h; path = Vitrini/VICardsViewController.h; sourceTree = "<group>"; };
		B3B6CF371A44BAC600C07383 /* VICardsViewController.m */ = {isa = PBXFileReference; fileEncoding = 4; lastKnownFileType = sourcecode.c.objc; name = VICardsViewController.m; path = Vitrini/VICardsViewController.m; sourceTree = "<group>"; };
		B3B6CF391A44BBAA00C07383 /* VIDraggableCardsView.h */ = {isa = PBXFileReference; fileEncoding = 4; lastKnownFileType = sourcecode.c.h; name = VIDraggableCardsView.h; path = Vitrini/VIDraggableCardsView.h; sourceTree = "<group>"; };
		B3B6CF3A1A44BBAA00C07383 /* VIDraggableCardsView.m */ = {isa = PBXFileReference; fileEncoding = 4; lastKnownFileType = sourcecode.c.objc; name = VIDraggableCardsView.m; path = Vitrini/VIDraggableCardsView.m; sourceTree = "<group>"; };
		B3B6CF3C1A44BC2700C07383 /* VICardView.h */ = {isa = PBXFileReference; fileEncoding = 4; lastKnownFileType = sourcecode.c.h; name = VICardView.h; path = Vitrini/VICardView.h; sourceTree = "<group>"; };
		B3B6CF3D1A44BC2800C07383 /* VICardView.m */ = {isa = PBXFileReference; fileEncoding = 4; lastKnownFileType = sourcecode.c.objc; name = VICardView.m; path = Vitrini/VICardView.m; sourceTree = "<group>"; };
		B3B6CF3F1A44BCA600C07383 /* VISignView.h */ = {isa = PBXFileReference; fileEncoding = 4; lastKnownFileType = sourcecode.c.h; name = VISignView.h; path = Vitrini/VISignView.h; sourceTree = "<group>"; };
		B3B6CF401A44BCA600C07383 /* VISignView.m */ = {isa = PBXFileReference; fileEncoding = 4; lastKnownFileType = sourcecode.c.objc; name = VISignView.m; path = Vitrini/VISignView.m; sourceTree = "<group>"; };
		B3B6CF421A44C21A00C07383 /* VIProductStore.h */ = {isa = PBXFileReference; fileEncoding = 4; lastKnownFileType = sourcecode.c.h; path = VIProductStore.h; sourceTree = "<group>"; };
		B3B6CF431A44C21A00C07383 /* VIProductStore.m */ = {isa = PBXFileReference; fileEncoding = 4; lastKnownFileType = sourcecode.c.objc; path = VIProductStore.m; sourceTree = "<group>"; };
		B3B6CF461A44C41A00C07383 /* infoBtn.png */ = {isa = PBXFileReference; lastKnownFileType = image.png; path = infoBtn.png; sourceTree = "<group>"; };
		B3B6CF471A44C41A00C07383 /* infoBtn@2x.png */ = {isa = PBXFileReference; lastKnownFileType = image.png; path = "infoBtn@2x.png"; sourceTree = "<group>"; };
		B3B6CF481A44C41A00C07383 /* infoBtn@3x.png */ = {isa = PBXFileReference; lastKnownFileType = image.png; path = "infoBtn@3x.png"; sourceTree = "<group>"; };
		B3B6CF491A44C41A00C07383 /* notBtn.png */ = {isa = PBXFileReference; lastKnownFileType = image.png; path = notBtn.png; sourceTree = "<group>"; };
		B3B6CF4A1A44C41A00C07383 /* notBtn@2x.png */ = {isa = PBXFileReference; lastKnownFileType = image.png; path = "notBtn@2x.png"; sourceTree = "<group>"; };
		B3B6CF4B1A44C41A00C07383 /* notBtn@3x.png */ = {isa = PBXFileReference; lastKnownFileType = image.png; path = "notBtn@3x.png"; sourceTree = "<group>"; };
		B3B6CF4C1A44C41A00C07383 /* yesBtn.png */ = {isa = PBXFileReference; lastKnownFileType = image.png; path = yesBtn.png; sourceTree = "<group>"; };
		B3B6CF4D1A44C41A00C07383 /* yesBtn@2x.png */ = {isa = PBXFileReference; lastKnownFileType = image.png; path = "yesBtn@2x.png"; sourceTree = "<group>"; };
		B3B6CF4E1A44C41A00C07383 /* yesBtn@3x.png */ = {isa = PBXFileReference; lastKnownFileType = image.png; path = "yesBtn@3x.png"; sourceTree = "<group>"; };
		B3B6CF591A44C45C00C07383 /* img1.png */ = {isa = PBXFileReference; lastKnownFileType = image.png; path = img1.png; sourceTree = "<group>"; };
		B3B6CF5A1A44C45C00C07383 /* img2.png */ = {isa = PBXFileReference; lastKnownFileType = image.png; path = img2.png; sourceTree = "<group>"; };
		B3B6CF5B1A44C45C00C07383 /* img3.png */ = {isa = PBXFileReference; lastKnownFileType = image.png; path = img3.png; sourceTree = "<group>"; };
		B3B6CF5C1A44C45C00C07383 /* img4.png */ = {isa = PBXFileReference; lastKnownFileType = image.png; path = img4.png; sourceTree = "<group>"; };
		B3B6CF5D1A44C45C00C07383 /* img5.png */ = {isa = PBXFileReference; lastKnownFileType = image.png; path = img5.png; sourceTree = "<group>"; };
		B3B6CF5E1A44C45C00C07383 /* img6.jpg */ = {isa = PBXFileReference; lastKnownFileType = image.jpeg; path = img6.jpg; sourceTree = "<group>"; };
		B3B6CF5F1A44C45C00C07383 /* img7.jpg */ = {isa = PBXFileReference; lastKnownFileType = image.jpeg; path = img7.jpg; sourceTree = "<group>"; };
		B3B6CF6D1A487A9600C07383 /* VIProtocol.h */ = {isa = PBXFileReference; fileEncoding = 4; lastKnownFileType = sourcecode.c.h; path = VIProtocol.h; sourceTree = "<group>"; };
		B3B6CF6E1A487A9600C07383 /* VIProtocol.m */ = {isa = PBXFileReference; fileEncoding = 4; lastKnownFileType = sourcecode.c.objc; path = VIProtocol.m; sourceTree = "<group>"; };
		B3B6CF7D1A48FCAE00C07383 /* Vitrini.png */ = {isa = PBXFileReference; lastKnownFileType = image.png; path = Vitrini.png; sourceTree = "<group>"; };
		B3B6CF7E1A48FCAE00C07383 /* Vitrini@1x.png */ = {isa = PBXFileReference; lastKnownFileType = image.png; path = "Vitrini@1x.png"; sourceTree = "<group>"; };
		B3B6CF7F1A48FCAE00C07383 /* Vitrini@2x.png */ = {isa = PBXFileReference; lastKnownFileType = image.png; path = "Vitrini@2x.png"; sourceTree = "<group>"; };
		B3B6CF861A48FDD300C07383 /* VIColor.h */ = {isa = PBXFileReference; fileEncoding = 4; lastKnownFileType = sourcecode.c.h; path = VIColor.h; sourceTree = "<group>"; };
		B3B6CF871A48FDD300C07383 /* VIColor.m */ = {isa = PBXFileReference; fileEncoding = 4; lastKnownFileType = sourcecode.c.objc; path = VIColor.m; sourceTree = "<group>"; };
		B3B6CF891A49003F00C07383 /* CloseMenu.png */ = {isa = PBXFileReference; lastKnownFileType = image.png; path = CloseMenu.png; sourceTree = "<group>"; };
		B3B6CF8A1A49003F00C07383 /* CloseMenu@1x.png */ = {isa = PBXFileReference; lastKnownFileType = image.png; path = "CloseMenu@1x.png"; sourceTree = "<group>"; };
		B3B6CF8B1A49003F00C07383 /* CloseMenu@2x.png */ = {isa = PBXFileReference; lastKnownFileType = image.png; path = "CloseMenu@2x.png"; sourceTree = "<group>"; };
		B3B6CF8F1A4B56CD00C07383 /* VILikedsViewController.h */ = {isa = PBXFileReference; fileEncoding = 4; lastKnownFileType = sourcecode.c.h; name = VILikedsViewController.h; path = Vitrini/VILikedsViewController.h; sourceTree = "<group>"; };
		B3B6CF901A4B56CD00C07383 /* VILikedsViewController.m */ = {isa = PBXFileReference; fileEncoding = 4; lastKnownFileType = sourcecode.c.objc; name = VILikedsViewController.m; path = Vitrini/VILikedsViewController.m; sourceTree = "<group>"; };
		B3B6CF931A4B56F100C07383 /* Likeds.storyboard */ = {isa = PBXFileReference; fileEncoding = 4; lastKnownFileType = file.storyboard; path = Likeds.storyboard; sourceTree = "<group>"; };
		B3B6CF951A4C4A8500C07383 /* img8.png */ = {isa = PBXFileReference; lastKnownFileType = image.png; path = img8.png; sourceTree = "<group>"; };
		B3B6CF961A4C4A8500C07383 /* img9.png */ = {isa = PBXFileReference; lastKnownFileType = image.png; path = img9.png; sourceTree = "<group>"; };
		B3B6CF971A4C4A8500C07383 /* img10.png */ = {isa = PBXFileReference; lastKnownFileType = image.png; path = img10.png; sourceTree = "<group>"; };
		B3B6CF981A4C4A8500C07383 /* img11.png */ = {isa = PBXFileReference; lastKnownFileType = image.png; path = img11.png; sourceTree = "<group>"; };
		B3B6CF9F1A4D19E600C07383 /* degrade.png */ = {isa = PBXFileReference; lastKnownFileType = image.png; path = degrade.png; sourceTree = "<group>"; };
/* End PBXFileReference section */

/* Begin PBXFrameworksBuildPhase section */
		92891CD31A28D80F002F6678 /* Frameworks */ = {
			isa = PBXFrameworksBuildPhase;
			buildActionMask = 2147483647;
			files = (
				2781FF2F1A6F30BC009FFAA5 /* FacebookSDK.framework in Frameworks */,
			);
			runOnlyForDeploymentPostprocessing = 0;
		};
		92891CEC1A28D80F002F6678 /* Frameworks */ = {
			isa = PBXFrameworksBuildPhase;
			buildActionMask = 2147483647;
			files = (
			);
			runOnlyForDeploymentPostprocessing = 0;
		};
/* End PBXFrameworksBuildPhase section */

/* Begin PBXGroup section */
		277BD88D1A80037300AC887A /* Feed */ = {
			isa = PBXGroup;
			children = (
				277B37181A816B710081C796 /* profile_feed_temp3.png */,
				277B37161A816B4C0081C796 /* profile_feed_temp2.png */,
				277B37101A8103D10081C796 /* profile_feed_temp.png */,
				277B37141A815D720081C796 /* feed_temp.png */,
				277BD8961A800BFA00AC887A /* Icon_feed_Menu.png */,
				277BD88E1A80053900AC887A /* VIFeedViewController.h */,
				277BD88F1A80053900AC887A /* VIFeedViewController.m */,
				277B370B1A80F3D80081C796 /* VIFeedSectionView.h */,
				277B370C1A80F3D80081C796 /* VIFeedSectionView.m */,
				277BD8931A80089600AC887A /* VIFeedTableViewCell.h */,
				277BD8941A80089600AC887A /* VIFeedTableViewCell.m */,
				277BD8911A80055A00AC887A /* Feed.storyboard */,
			);
			name = Feed;
			sourceTree = "<group>";
		};
		2781FF161A6ED427009FFAA5 /* Login */ = {
			isa = PBXGroup;
			children = (
				2781FF1E1A6ED6E6009FFAA5 /* VILoginStoryboard.storyboard */,
				2781FF171A6ED47F009FFAA5 /* VILoginViewController.h */,
				2781FF181A6ED47F009FFAA5 /* VILoginViewController.m */,
				2781FF2B1A6F2C0C009FFAA5 /* VIRegisterViewController.h */,
				2781FF2C1A6F2C0C009FFAA5 /* VIRegisterViewController.m */,
				2781FF241A6EDA5E009FFAA5 /* images */,
			);
			name = Login;
			sourceTree = "<group>";
		};
		2781FF241A6EDA5E009FFAA5 /* images */ = {
			isa = PBXGroup;
			children = (
				2781FF291A6F0D81009FFAA5 /* Vitrini_Login__0007_Conta.png */,
				2781FF271A6F0D7C009FFAA5 /* Vitrini_Login__0006_Facebook.png */,
				2781FF251A6EDBFA009FFAA5 /* Vitrini_Login__0001_Logo.png */,
				2781FF221A6ED803009FFAA5 /* Vitrini_Login__0002_Icom.png */,
				2781FF201A6ED7D7009FFAA5 /* Vitrini_Login__0008_BG.png */,
			);
			name = images;
			sourceTree = "<group>";
		};
		278AFBCA1A83A9920002BB23 /* FIltro */ = {
			isa = PBXGroup;
			children = (
				278AFBD21A83ABDE0002BB23 /* Icom_marcacao_filtro.png */,
				278AFBD31A83ABDE0002BB23 /* Icom_caixa_foltro.png */,
				278AFBD01A83ABD40002BB23 /* backgroundFilter.png */,
				278AFBCB1A83A9CD0002BB23 /* VIFilterViewController.h */,
				278AFBCC1A83A9CD0002BB23 /* VIFilterViewController.m */,
				278AFBD61A83EF290002BB23 /* VIFilterCollectionViewCell.h */,
				278AFBD71A83EF290002BB23 /* VIFilterCollectionViewCell.m */,
				270BF8741A84288F00D261A1 /* VIFilterCollectionFooterCollectionReusableView.h */,
				270BF8751A84288F00D261A1 /* VIFilterCollectionFooterCollectionReusableView.m */,
				278AFBCE1A83A9DA0002BB23 /* Filter.storyboard */,
			);
			name = FIltro;
			path = ..;
			sourceTree = "<group>";
		};
		279A816A1A706300003E50D7 /* Catalogo */ = {
			isa = PBXGroup;
			children = (
				279A81811A70921C003E50D7 /* catalogo_temp.png */,
				279A81761A706D54003E50D7 /* fundo vitrini.png */,
				279A816E1A70651D003E50D7 /* Icon_catalogo_Menu.png */,
				279A816B1A706366003E50D7 /* VICatalogViewController.h */,
				279A816C1A706366003E50D7 /* VICatalogViewController.m */,
				279A81781A7085C6003E50D7 /* VICatalogTableViewCell.h */,
				279A81791A7085C6003E50D7 /* VICatalogTableViewCell.m */,
				279A81741A70671A003E50D7 /* Catalog.storyboard */,
			);
			name = Catalogo;
			sourceTree = "<group>";
		};
		27A8B8791A824AE300226278 /* Profile/Settings */ = {
			isa = PBXGroup;
			children = (
				27A8B8811A82578400226278 /* zegatao.png */,
				27A8B87A1A824B4200226278 /* VIProfileViewController.h */,
				27A8B87B1A824B4200226278 /* VIProfileViewController.m */,
				279D46751A82FE630075AEB8 /* VIProfileTableViewCell.h */,
				279D46761A82FE630075AEB8 /* VIProfileTableViewCell.m */,
				27A8B87D1A824BB100226278 /* Profile.storyboard */,
			);
			name = Profile/Settings;
			sourceTree = "<group>";
		};
		5CE349B61A2CF42100F1DC17 /* Useronboard */ = {
			isa = PBXGroup;
			children = (
				5CE349B71A2CF42100F1DC17 /* UserOnboard.storyboard */,
				5CE349BA1A2CF42100F1DC17 /* UserOnboardViewController.h */,
				5CE349BB1A2CF42100F1DC17 /* UserOnboardViewController.m */,
				5CE349B81A2CF42100F1DC17 /* UserOnboardContentViewController.h */,
				5CE349B91A2CF42100F1DC17 /* UserOnboardContentViewController.m */,
			);
			path = Useronboard;
			sourceTree = "<group>";
		};
		5CE3DE301A80FDB400F0CC92 /* StoreProfile */ = {
			isa = PBXGroup;
			children = (
				5CE3DE401A81022900F0CC92 /* VIStoreProfile.storyboard */,
				5CE3DE3D1A81021A00F0CC92 /* VIStoreProfileViewController.h */,
				5CE3DE3E1A81021A00F0CC92 /* VIStoreProfileViewController.m */,
			);
			name = StoreProfile;
			sourceTree = "<group>";
		};
		92891CCD1A28D80F002F6678 = {
			isa = PBXGroup;
			children = (
				92891CD81A28D80F002F6678 /* Vitrini */,
				92891CF21A28D80F002F6678 /* VitriniTests */,
				92891CD71A28D80F002F6678 /* Products */,
				2781FF2E1A6F30BC009FFAA5 /* FacebookSDK.framework */,
			);
			sourceTree = "<group>";
		};
		92891CD71A28D80F002F6678 /* Products */ = {
			isa = PBXGroup;
			children = (
				92891CD61A28D80F002F6678 /* Vitrini.app */,
				92891CEF1A28D80F002F6678 /* VitriniTests.xctest */,
			);
			name = Products;
			sourceTree = "<group>";
		};
		92891CD81A28D80F002F6678 /* Vitrini */ = {
			isa = PBXGroup;
			children = (
				92891CDD1A28D80F002F6678 /* AppDelegate.h */,
				92891CDE1A28D80F002F6678 /* AppDelegate.m */,
				5CE3DE301A80FDB400F0CC92 /* StoreProfile */,
				B3B6CF791A48FAF600C07383 /* Imagens */,
				B3B6CF581A44C42B00C07383 /* Imagens para teste */,
				2781FF161A6ED427009FFAA5 /* Login */,
				5CE349B61A2CF42100F1DC17 /* Useronboard */,
				B3B6CF301A44A8DA00C07383 /* Cartoes */,
				B3B6CF921A4B56D200C07383 /* Likeds */,
				279A816A1A706300003E50D7 /* Catalogo */,
				277BD88D1A80037300AC887A /* Feed */,
				27A8B8791A824AE300226278 /* Profile/Settings */,
				B3B6CF311A44B7E400C07383 /* Menu */,
				278AFBCA1A83A9920002BB23 /* FIltro */,
				B3B6CF701A487AB700C07383 /* Protocolos */,
				B3B6CF321A44B8F300C07383 /* Models */,
				5C83EA881A409EE1007988AA /* VIInitControl.h */,
				5C83EA891A409EE1007988AA /* VIInitControl.m */,
				92891CE61A28D80F002F6678 /* Images.xcassets */,
				5C2878611A28E39700CC7DD2 /* CustomSegueTransition.h */,
				5C2878621A28E39700CC7DD2 /* CustomSegueTransition.m */,
				92891CD91A28D80F002F6678 /* Supporting Files */,
			);
			path = Vitrini;
			sourceTree = "<group>";
		};
		92891CD91A28D80F002F6678 /* Supporting Files */ = {
			isa = PBXGroup;
			children = (
				92891CDA1A28D80F002F6678 /* Info.plist */,
				92891CDB1A28D80F002F6678 /* main.m */,
			);
			name = "Supporting Files";
			sourceTree = "<group>";
		};
		92891CF21A28D80F002F6678 /* VitriniTests */ = {
			isa = PBXGroup;
			children = (
				92891CF51A28D80F002F6678 /* VitriniTests.m */,
				92891CF31A28D80F002F6678 /* Supporting Files */,
			);
			path = VitriniTests;
			sourceTree = "<group>";
		};
		92891CF31A28D80F002F6678 /* Supporting Files */ = {
			isa = PBXGroup;
			children = (
				92891CF41A28D80F002F6678 /* Info.plist */,
			);
			name = "Supporting Files";
			sourceTree = "<group>";
		};
		B3B6CF301A44A8DA00C07383 /* Cartoes */ = {
			isa = PBXGroup;
			children = (
				B3B6CF451A44C3F100C07383 /* Img */,
				B3B6CF361A44BAC600C07383 /* VICardsViewController.h */,
				B3B6CF371A44BAC600C07383 /* VICardsViewController.m */,
				B3B6CF391A44BBAA00C07383 /* VIDraggableCardsView.h */,
				B3B6CF3A1A44BBAA00C07383 /* VIDraggableCardsView.m */,
				B3B6CF3C1A44BC2700C07383 /* VICardView.h */,
				B3B6CF3D1A44BC2800C07383 /* VICardView.m */,
				B3B6CF3F1A44BCA600C07383 /* VISignView.h */,
				B3B6CF401A44BCA600C07383 /* VISignView.m */,
				92D96E661A80FCB8009BC061 /* VICardInfoViewController.h */,
				92D96E671A80FCB8009BC061 /* VICardInfoViewController.m */,
				277A5E9C1A84F40600C14619 /* VICardInfoContentViewController.h */,
				277A5E9D1A84F40600C14619 /* VICardInfoContentViewController.m */,
				92D96E601A7FEBF6009BC061 /* Cards.storyboard */,
				92ADB64F1A88336B00EA76B1 /* VICardInfoContainerViewController.h */,
				92ADB6501A88336B00EA76B1 /* VICardInfoContainerViewController.m */,
				92ADB6551A88438C00EA76B1 /* VICardInfoInformationOfTheSelectedItemViewController.h */,
				92ADB6561A88438C00EA76B1 /* VICardInfoInformationOfTheSelectedItemViewController.m */,
			);
			name = Cartoes;
			path = ..;
			sourceTree = "<group>";
		};
		B3B6CF311A44B7E400C07383 /* Menu */ = {
			isa = PBXGroup;
			children = (
				5C83EA781A407008007988AA /* VIMainViewController.h */,
				5C83EA791A407008007988AA /* VIMainViewController.m */,
				5C83EA7B1A4071A1007988AA /* VIMainMenu.h */,
				5C83EA7C1A4071A1007988AA /* VIMainMenu.m */,
			);
			name = Menu;
			sourceTree = "<group>";
		};
		B3B6CF321A44B8F300C07383 /* Models */ = {
			isa = PBXGroup;
			children = (
				B3B6CF331A44B91900C07383 /* VIProduct.h */,
				B3B6CF341A44B91900C07383 /* VIProduct.m */,
				B3B6CF421A44C21A00C07383 /* VIProductStore.h */,
				B3B6CF431A44C21A00C07383 /* VIProductStore.m */,
				B3B6CF861A48FDD300C07383 /* VIColor.h */,
				B3B6CF871A48FDD300C07383 /* VIColor.m */,
			);
			name = Models;
			sourceTree = "<group>";
		};
		B3B6CF451A44C3F100C07383 /* Img */ = {
			isa = PBXGroup;
			children = (
				B3B6CF461A44C41A00C07383 /* infoBtn.png */,
				B3B6CF471A44C41A00C07383 /* infoBtn@2x.png */,
				B3B6CF481A44C41A00C07383 /* infoBtn@3x.png */,
				B3B6CF491A44C41A00C07383 /* notBtn.png */,
				B3B6CF4A1A44C41A00C07383 /* notBtn@2x.png */,
				B3B6CF4B1A44C41A00C07383 /* notBtn@3x.png */,
				B3B6CF4C1A44C41A00C07383 /* yesBtn.png */,
				B3B6CF4D1A44C41A00C07383 /* yesBtn@2x.png */,
				B3B6CF4E1A44C41A00C07383 /* yesBtn@3x.png */,
			);
			name = Img;
			sourceTree = "<group>";
		};
		B3B6CF581A44C42B00C07383 /* Imagens para teste */ = {
			isa = PBXGroup;
			children = (
				B3B6CF591A44C45C00C07383 /* img1.png */,
				B3B6CF5A1A44C45C00C07383 /* img2.png */,
				B3B6CF5B1A44C45C00C07383 /* img3.png */,
				B3B6CF5C1A44C45C00C07383 /* img4.png */,
				B3B6CF5D1A44C45C00C07383 /* img5.png */,
				B3B6CF5E1A44C45C00C07383 /* img6.jpg */,
				B3B6CF5F1A44C45C00C07383 /* img7.jpg */,
				B3B6CF951A4C4A8500C07383 /* img8.png */,
				B3B6CF961A4C4A8500C07383 /* img9.png */,
				B3B6CF971A4C4A8500C07383 /* img10.png */,
				B3B6CF981A4C4A8500C07383 /* img11.png */,
			);
			name = "Imagens para teste";
			sourceTree = "<group>";
		};
		B3B6CF701A487AB700C07383 /* Protocolos */ = {
			isa = PBXGroup;
			children = (
				B3B6CF6D1A487A9600C07383 /* VIProtocol.h */,
				B3B6CF6E1A487A9600C07383 /* VIProtocol.m */,
			);
			name = Protocolos;
			sourceTree = "<group>";
		};
		B3B6CF791A48FAF600C07383 /* Imagens */ = {
			isa = PBXGroup;
			children = (
				B3B6CF891A49003F00C07383 /* CloseMenu.png */,
				B3B6CF8A1A49003F00C07383 /* CloseMenu@1x.png */,
				B3B6CF8B1A49003F00C07383 /* CloseMenu@2x.png */,
				B3B6CF7D1A48FCAE00C07383 /* Vitrini.png */,
				B3B6CF7E1A48FCAE00C07383 /* Vitrini@1x.png */,
				B3B6CF7F1A48FCAE00C07383 /* Vitrini@2x.png */,
				B3B6CF9F1A4D19E600C07383 /* degrade.png */,
			);
			name = Imagens;
			sourceTree = "<group>";
		};
		B3B6CF921A4B56D200C07383 /* Likeds */ = {
			isa = PBXGroup;
			children = (
				279A81701A706553003E50D7 /* Icon_meuslikes_Menu.png */,
				B3B6CF8F1A4B56CD00C07383 /* VILikedsViewController.h */,
				B3B6CF901A4B56CD00C07383 /* VILikedsViewController.m */,
				B3B6CF931A4B56F100C07383 /* Likeds.storyboard */,
			);
			name = Likeds;
			path = ..;
			sourceTree = "<group>";
		};
/* End PBXGroup section */

/* Begin PBXNativeTarget section */
		92891CD51A28D80F002F6678 /* Vitrini */ = {
			isa = PBXNativeTarget;
			buildConfigurationList = 92891CF91A28D80F002F6678 /* Build configuration list for PBXNativeTarget "Vitrini" */;
			buildPhases = (
				92891CD21A28D80F002F6678 /* Sources */,
				92891CD31A28D80F002F6678 /* Frameworks */,
				92891CD41A28D80F002F6678 /* Resources */,
			);
			buildRules = (
			);
			dependencies = (
			);
			name = Vitrini;
			productName = Vitrini;
			productReference = 92891CD61A28D80F002F6678 /* Vitrini.app */;
			productType = "com.apple.product-type.application";
		};
		92891CEE1A28D80F002F6678 /* VitriniTests */ = {
			isa = PBXNativeTarget;
			buildConfigurationList = 92891CFC1A28D80F002F6678 /* Build configuration list for PBXNativeTarget "VitriniTests" */;
			buildPhases = (
				92891CEB1A28D80F002F6678 /* Sources */,
				92891CEC1A28D80F002F6678 /* Frameworks */,
				92891CED1A28D80F002F6678 /* Resources */,
			);
			buildRules = (
			);
			dependencies = (
				92891CF11A28D80F002F6678 /* PBXTargetDependency */,
			);
			name = VitriniTests;
			productName = VitriniTests;
			productReference = 92891CEF1A28D80F002F6678 /* VitriniTests.xctest */;
			productType = "com.apple.product-type.bundle.unit-test";
		};
/* End PBXNativeTarget section */

/* Begin PBXProject section */
		92891CCE1A28D80F002F6678 /* Project object */ = {
			isa = PBXProject;
			attributes = {
				LastUpgradeCheck = 0610;
				ORGANIZATIONNAME = "Willian Pinho";
				TargetAttributes = {
					92891CD51A28D80F002F6678 = {
						CreatedOnToolsVersion = 6.1;
					};
					92891CEE1A28D80F002F6678 = {
						CreatedOnToolsVersion = 6.1;
						TestTargetID = 92891CD51A28D80F002F6678;
					};
				};
			};
			buildConfigurationList = 92891CD11A28D80F002F6678 /* Build configuration list for PBXProject "Vitrini" */;
			compatibilityVersion = "Xcode 3.2";
			developmentRegion = English;
			hasScannedForEncodings = 0;
			knownRegions = (
				en,
				Base,
			);
			mainGroup = 92891CCD1A28D80F002F6678;
			productRefGroup = 92891CD71A28D80F002F6678 /* Products */;
			projectDirPath = "";
			projectRoot = "";
			targets = (
				92891CD51A28D80F002F6678 /* Vitrini */,
				92891CEE1A28D80F002F6678 /* VitriniTests */,
			);
		};
/* End PBXProject section */

/* Begin PBXResourcesBuildPhase section */
		92891CD41A28D80F002F6678 /* Resources */ = {
			isa = PBXResourcesBuildPhase;
			buildActionMask = 2147483647;
			files = (
				277BD8971A800BFA00AC887A /* Icon_feed_Menu.png in Resources */,
				279A81751A70671A003E50D7 /* Catalog.storyboard in Resources */,
				B3B6CF541A44C41A00C07383 /* notBtn@3x.png in Resources */,
				B3B6CF851A48FCAE00C07383 /* Vitrini@2x.png in Resources */,
				5CE349BC1A2CF42100F1DC17 /* UserOnboard.storyboard in Resources */,
				B3B6CF531A44C41A00C07383 /* notBtn@2x.png in Resources */,
				B3B6CF561A44C41A00C07383 /* yesBtn@2x.png in Resources */,
				B3B6CF501A44C41A00C07383 /* infoBtn@2x.png in Resources */,
				278AFBD11A83ABD40002BB23 /* backgroundFilter.png in Resources */,
				B3B6CF8C1A49003F00C07383 /* CloseMenu.png in Resources */,
				B3B6CF521A44C41A00C07383 /* notBtn.png in Resources */,
				2781FF211A6ED7D7009FFAA5 /* Vitrini_Login__0008_BG.png in Resources */,
				B3B6CF571A44C41A00C07383 /* yesBtn@3x.png in Resources */,
				279A81821A70921C003E50D7 /* catalogo_temp.png in Resources */,
				279A81771A706D54003E50D7 /* fundo vitrini.png in Resources */,
				277B37191A816B710081C796 /* profile_feed_temp3.png in Resources */,
				B3B6CF661A44C45C00C07383 /* img7.jpg in Resources */,
				B3B6CF8E1A49003F00C07383 /* CloseMenu@2x.png in Resources */,
				B3B6CF8D1A49003F00C07383 /* CloseMenu@1x.png in Resources */,
				27A8B87E1A824BB100226278 /* Profile.storyboard in Resources */,
				278AFBD51A83ABDE0002BB23 /* Icom_caixa_foltro.png in Resources */,
				2781FF281A6F0D7C009FFAA5 /* Vitrini_Login__0006_Facebook.png in Resources */,
				278AFBCF1A83A9DA0002BB23 /* Filter.storyboard in Resources */,
				279A816F1A70651D003E50D7 /* Icon_catalogo_Menu.png in Resources */,
				92891CE71A28D80F002F6678 /* Images.xcassets in Resources */,
				279A81711A706553003E50D7 /* Icon_meuslikes_Menu.png in Resources */,
				5CE3DE411A81022900F0CC92 /* VIStoreProfile.storyboard in Resources */,
				B3B6CF551A44C41A00C07383 /* yesBtn.png in Resources */,
				2781FF261A6EDBFA009FFAA5 /* Vitrini_Login__0001_Logo.png in Resources */,
				278AFBD41A83ABDE0002BB23 /* Icom_marcacao_filtro.png in Resources */,
				B3B6CF601A44C45C00C07383 /* img1.png in Resources */,
				B3B6CF4F1A44C41A00C07383 /* infoBtn.png in Resources */,
				92D96E611A7FEBF6009BC061 /* Cards.storyboard in Resources */,
				B3B6CF9A1A4C4A8500C07383 /* img8.png in Resources */,
				B3B6CF9B1A4C4A8500C07383 /* img9.png in Resources */,
				B3B6CFA01A4D19E600C07383 /* degrade.png in Resources */,
				B3B6CF641A44C45C00C07383 /* img5.png in Resources */,
				B3B6CF9D1A4C4A8500C07383 /* img11.png in Resources */,
				2781FF2A1A6F0D81009FFAA5 /* Vitrini_Login__0007_Conta.png in Resources */,
				B3B6CF941A4B56F100C07383 /* Likeds.storyboard in Resources */,
				277B37171A816B4C0081C796 /* profile_feed_temp2.png in Resources */,
				B3B6CF9C1A4C4A8500C07383 /* img10.png in Resources */,
				B3B6CF621A44C45C00C07383 /* img3.png in Resources */,
				B3B6CF631A44C45C00C07383 /* img4.png in Resources */,
				2781FF231A6ED803009FFAA5 /* Vitrini_Login__0002_Icom.png in Resources */,
				B3B6CF611A44C45C00C07383 /* img2.png in Resources */,
				B3B6CF831A48FCAE00C07383 /* Vitrini.png in Resources */,
				27A8B8821A82578400226278 /* zegatao.png in Resources */,
				B3B6CF841A48FCAE00C07383 /* Vitrini@1x.png in Resources */,
				B3B6CF651A44C45C00C07383 /* img6.jpg in Resources */,
				2781FF1F1A6ED6E6009FFAA5 /* VILoginStoryboard.storyboard in Resources */,
				277B37151A815D720081C796 /* feed_temp.png in Resources */,
				277BD8921A80055A00AC887A /* Feed.storyboard in Resources */,
				B3B6CF511A44C41A00C07383 /* infoBtn@3x.png in Resources */,
				277B37111A8103D10081C796 /* profile_feed_temp.png in Resources */,
			);
			runOnlyForDeploymentPostprocessing = 0;
		};
		92891CED1A28D80F002F6678 /* Resources */ = {
			isa = PBXResourcesBuildPhase;
			buildActionMask = 2147483647;
			files = (
			);
			runOnlyForDeploymentPostprocessing = 0;
		};
/* End PBXResourcesBuildPhase section */

/* Begin PBXSourcesBuildPhase section */
		92891CD21A28D80F002F6678 /* Sources */ = {
			isa = PBXSourcesBuildPhase;
			buildActionMask = 2147483647;
			files = (
				2781FF2D1A6F2C0C009FFAA5 /* VIRegisterViewController.m in Sources */,
				277A5E9E1A84F40600C14619 /* VICardInfoContentViewController.m in Sources */,
				279A816D1A706366003E50D7 /* VICatalogViewController.m in Sources */,
				277B370D1A80F3D80081C796 /* VIFeedSectionView.m in Sources */,
				277BD8901A80053900AC887A /* VIFeedViewController.m in Sources */,
				B3B6CF3E1A44BC2800C07383 /* VICardView.m in Sources */,
				270BF8761A84288F00D261A1 /* VIFilterCollectionFooterCollectionReusableView.m in Sources */,
				92D96E681A80FCB8009BC061 /* VICardInfoViewController.m in Sources */,
				2781FF1A1A6ED47F009FFAA5 /* VILoginViewController.m in Sources */,
				278AFBD81A83EF290002BB23 /* VIFilterCollectionViewCell.m in Sources */,
				5C83EA7D1A4071A1007988AA /* VIMainMenu.m in Sources */,
				279D46771A82FE630075AEB8 /* VIProfileTableViewCell.m in Sources */,
				277BD8951A80089600AC887A /* VIFeedTableViewCell.m in Sources */,
				B3B6CF411A44BCA600C07383 /* VISignView.m in Sources */,
				5C2878631A28E39700CC7DD2 /* CustomSegueTransition.m in Sources */,
				5CE349BE1A2CF42100F1DC17 /* UserOnboardViewController.m in Sources */,
				5CE349BD1A2CF42100F1DC17 /* UserOnboardContentViewController.m in Sources */,
				5CE3DE3F1A81021A00F0CC92 /* VIStoreProfileViewController.m in Sources */,
				92ADB6511A88336B00EA76B1 /* VICardInfoContainerViewController.m in Sources */,
				278AFBCD1A83A9CD0002BB23 /* VIFilterViewController.m in Sources */,
				B3B6CF441A44C21A00C07383 /* VIProductStore.m in Sources */,
				92ADB6571A88438C00EA76B1 /* VICardInfoInformationOfTheSelectedItemViewController.m in Sources */,
				92891CDF1A28D80F002F6678 /* AppDelegate.m in Sources */,
				B3B6CF6F1A487A9600C07383 /* VIProtocol.m in Sources */,
				B3B6CF381A44BAC600C07383 /* VICardsViewController.m in Sources */,
				92891CDC1A28D80F002F6678 /* main.m in Sources */,
				5C83EA8A1A409EE1007988AA /* VIInitControl.m in Sources */,
				5C83EA7A1A407008007988AA /* VIMainViewController.m in Sources */,
				279A817A1A7085C6003E50D7 /* VICatalogTableViewCell.m in Sources */,
				B3B6CF3B1A44BBAA00C07383 /* VIDraggableCardsView.m in Sources */,
				B3B6CF881A48FDD300C07383 /* VIColor.m in Sources */,
				B3B6CF911A4B56CD00C07383 /* VILikedsViewController.m in Sources */,
				B3B6CF351A44B91900C07383 /* VIProduct.m in Sources */,
				27A8B87C1A824B4200226278 /* VIProfileViewController.m in Sources */,
			);
			runOnlyForDeploymentPostprocessing = 0;
		};
		92891CEB1A28D80F002F6678 /* Sources */ = {
			isa = PBXSourcesBuildPhase;
			buildActionMask = 2147483647;
			files = (
				92891CF61A28D80F002F6678 /* VitriniTests.m in Sources */,
			);
			runOnlyForDeploymentPostprocessing = 0;
		};
/* End PBXSourcesBuildPhase section */

/* Begin PBXTargetDependency section */
		92891CF11A28D80F002F6678 /* PBXTargetDependency */ = {
			isa = PBXTargetDependency;
			target = 92891CD51A28D80F002F6678 /* Vitrini */;
			targetProxy = 92891CF01A28D80F002F6678 /* PBXContainerItemProxy */;
		};
/* End PBXTargetDependency section */

/* Begin XCBuildConfiguration section */
		92891CF71A28D80F002F6678 /* Debug */ = {
			isa = XCBuildConfiguration;
			buildSettings = {
				ALWAYS_SEARCH_USER_PATHS = NO;
				CLANG_CXX_LANGUAGE_STANDARD = "gnu++0x";
				CLANG_CXX_LIBRARY = "libc++";
				CLANG_ENABLE_MODULES = YES;
				CLANG_ENABLE_OBJC_ARC = YES;
				CLANG_WARN_BOOL_CONVERSION = YES;
				CLANG_WARN_CONSTANT_CONVERSION = YES;
				CLANG_WARN_DIRECT_OBJC_ISA_USAGE = YES_ERROR;
				CLANG_WARN_EMPTY_BODY = YES;
				CLANG_WARN_ENUM_CONVERSION = YES;
				CLANG_WARN_INT_CONVERSION = YES;
				CLANG_WARN_OBJC_ROOT_CLASS = YES_ERROR;
				CLANG_WARN_UNREACHABLE_CODE = YES;
				CLANG_WARN__DUPLICATE_METHOD_MATCH = YES;
				"CODE_SIGN_IDENTITY[sdk=iphoneos*]" = "iPhone Developer";
				COPY_PHASE_STRIP = NO;
				ENABLE_STRICT_OBJC_MSGSEND = YES;
				GCC_C_LANGUAGE_STANDARD = gnu99;
				GCC_DYNAMIC_NO_PIC = NO;
				GCC_OPTIMIZATION_LEVEL = 0;
				GCC_PREPROCESSOR_DEFINITIONS = (
					"DEBUG=1",
					"$(inherited)",
				);
				GCC_SYMBOLS_PRIVATE_EXTERN = NO;
				GCC_WARN_64_TO_32_BIT_CONVERSION = YES;
				GCC_WARN_ABOUT_RETURN_TYPE = YES_ERROR;
				GCC_WARN_UNDECLARED_SELECTOR = YES;
				GCC_WARN_UNINITIALIZED_AUTOS = YES_AGGRESSIVE;
				GCC_WARN_UNUSED_FUNCTION = YES;
				GCC_WARN_UNUSED_VARIABLE = YES;
				IPHONEOS_DEPLOYMENT_TARGET = 8.1;
				MTL_ENABLE_DEBUG_INFO = YES;
				ONLY_ACTIVE_ARCH = YES;
				SDKROOT = iphoneos;
				TARGETED_DEVICE_FAMILY = "1,2";
			};
			name = Debug;
		};
		92891CF81A28D80F002F6678 /* Release */ = {
			isa = XCBuildConfiguration;
			buildSettings = {
				ALWAYS_SEARCH_USER_PATHS = NO;
				CLANG_CXX_LANGUAGE_STANDARD = "gnu++0x";
				CLANG_CXX_LIBRARY = "libc++";
				CLANG_ENABLE_MODULES = YES;
				CLANG_ENABLE_OBJC_ARC = YES;
				CLANG_WARN_BOOL_CONVERSION = YES;
				CLANG_WARN_CONSTANT_CONVERSION = YES;
				CLANG_WARN_DIRECT_OBJC_ISA_USAGE = YES_ERROR;
				CLANG_WARN_EMPTY_BODY = YES;
				CLANG_WARN_ENUM_CONVERSION = YES;
				CLANG_WARN_INT_CONVERSION = YES;
				CLANG_WARN_OBJC_ROOT_CLASS = YES_ERROR;
				CLANG_WARN_UNREACHABLE_CODE = YES;
				CLANG_WARN__DUPLICATE_METHOD_MATCH = YES;
				"CODE_SIGN_IDENTITY[sdk=iphoneos*]" = "iPhone Developer";
				COPY_PHASE_STRIP = YES;
				ENABLE_NS_ASSERTIONS = NO;
				ENABLE_STRICT_OBJC_MSGSEND = YES;
				GCC_C_LANGUAGE_STANDARD = gnu99;
				GCC_WARN_64_TO_32_BIT_CONVERSION = YES;
				GCC_WARN_ABOUT_RETURN_TYPE = YES_ERROR;
				GCC_WARN_UNDECLARED_SELECTOR = YES;
				GCC_WARN_UNINITIALIZED_AUTOS = YES_AGGRESSIVE;
				GCC_WARN_UNUSED_FUNCTION = YES;
				GCC_WARN_UNUSED_VARIABLE = YES;
				IPHONEOS_DEPLOYMENT_TARGET = 8.1;
				MTL_ENABLE_DEBUG_INFO = NO;
				SDKROOT = iphoneos;
				TARGETED_DEVICE_FAMILY = "1,2";
				VALIDATE_PRODUCT = YES;
			};
			name = Release;
		};
		92891CFA1A28D80F002F6678 /* Debug */ = {
			isa = XCBuildConfiguration;
			buildSettings = {
				ASSETCATALOG_COMPILER_APPICON_NAME = AppIcon;
				FRAMEWORK_SEARCH_PATHS = (
					"$(inherited)",
					"$(PROJECT_DIR)",
				);
				INFOPLIST_FILE = Vitrini/Info.plist;
				IPHONEOS_DEPLOYMENT_TARGET = 8.0;
				LD_RUNPATH_SEARCH_PATHS = "$(inherited) @executable_path/Frameworks";
				PRODUCT_NAME = "$(TARGET_NAME)";
			};
			name = Debug;
		};
		92891CFB1A28D80F002F6678 /* Release */ = {
			isa = XCBuildConfiguration;
			buildSettings = {
				ASSETCATALOG_COMPILER_APPICON_NAME = AppIcon;
				FRAMEWORK_SEARCH_PATHS = (
					"$(inherited)",
					"$(PROJECT_DIR)",
				);
				INFOPLIST_FILE = Vitrini/Info.plist;
				IPHONEOS_DEPLOYMENT_TARGET = 8.0;
				LD_RUNPATH_SEARCH_PATHS = "$(inherited) @executable_path/Frameworks";
				PRODUCT_NAME = "$(TARGET_NAME)";
			};
			name = Release;
		};
		92891CFD1A28D80F002F6678 /* Debug */ = {
			isa = XCBuildConfiguration;
			buildSettings = {
				BUNDLE_LOADER = "$(TEST_HOST)";
				FRAMEWORK_SEARCH_PATHS = (
					"$(SDKROOT)/Developer/Library/Frameworks",
					"$(inherited)",
				);
				GCC_PREPROCESSOR_DEFINITIONS = (
					"DEBUG=1",
					"$(inherited)",
				);
				INFOPLIST_FILE = VitriniTests/Info.plist;
				IPHONEOS_DEPLOYMENT_TARGET = 8.0;
				LD_RUNPATH_SEARCH_PATHS = "$(inherited) @executable_path/Frameworks @loader_path/Frameworks";
				PRODUCT_NAME = "$(TARGET_NAME)";
				TEST_HOST = "$(BUILT_PRODUCTS_DIR)/Vitrini.app/Vitrini";
			};
			name = Debug;
		};
		92891CFE1A28D80F002F6678 /* Release */ = {
			isa = XCBuildConfiguration;
			buildSettings = {
				BUNDLE_LOADER = "$(TEST_HOST)";
				FRAMEWORK_SEARCH_PATHS = (
					"$(SDKROOT)/Developer/Library/Frameworks",
					"$(inherited)",
				);
				INFOPLIST_FILE = VitriniTests/Info.plist;
				IPHONEOS_DEPLOYMENT_TARGET = 8.0;
				LD_RUNPATH_SEARCH_PATHS = "$(inherited) @executable_path/Frameworks @loader_path/Frameworks";
				PRODUCT_NAME = "$(TARGET_NAME)";
				TEST_HOST = "$(BUILT_PRODUCTS_DIR)/Vitrini.app/Vitrini";
			};
			name = Release;
		};
/* End XCBuildConfiguration section */

/* Begin XCConfigurationList section */
		92891CD11A28D80F002F6678 /* Build configuration list for PBXProject "Vitrini" */ = {
			isa = XCConfigurationList;
			buildConfigurations = (
				92891CF71A28D80F002F6678 /* Debug */,
				92891CF81A28D80F002F6678 /* Release */,
			);
			defaultConfigurationIsVisible = 0;
			defaultConfigurationName = Release;
		};
		92891CF91A28D80F002F6678 /* Build configuration list for PBXNativeTarget "Vitrini" */ = {
			isa = XCConfigurationList;
			buildConfigurations = (
				92891CFA1A28D80F002F6678 /* Debug */,
				92891CFB1A28D80F002F6678 /* Release */,
			);
			defaultConfigurationIsVisible = 0;
			defaultConfigurationName = Release;
		};
		92891CFC1A28D80F002F6678 /* Build configuration list for PBXNativeTarget "VitriniTests" */ = {
			isa = XCConfigurationList;
			buildConfigurations = (
				92891CFD1A28D80F002F6678 /* Debug */,
				92891CFE1A28D80F002F6678 /* Release */,
			);
			defaultConfigurationIsVisible = 0;
			defaultConfigurationName = Release;
		};
/* End XCConfigurationList section */
	};
	rootObject = 92891CCE1A28D80F002F6678 /* Project object */;
}
